// !$*UTF8*$!
{
	archiveVersion = 1;
	classes = {
	};
	objectVersion = 50;
	objects = {

/* Begin PBXBuildFile section */
		8E40DB88210026BE00C6877D /* AppDelegate.swift in Sources */ = {isa = PBXBuildFile; fileRef = 8E40DB87210026BE00C6877D /* AppDelegate.swift */; };
		8E40DB8A210026BE00C6877D /* ViewController.swift in Sources */ = {isa = PBXBuildFile; fileRef = 8E40DB89210026BE00C6877D /* ViewController.swift */; };
		8E40DB8D210026BE00C6877D /* Main.storyboard in Resources */ = {isa = PBXBuildFile; fileRef = 8E40DB8B210026BE00C6877D /* Main.storyboard */; };
		8E40DB90210026BE00C6877D /* LoopbackSwiftCodeGenExample.xcdatamodeld in Sources */ = {isa = PBXBuildFile; fileRef = 8E40DB8E210026BE00C6877D /* LoopbackSwiftCodeGenExample.xcdatamodeld */; };
		8E40DB92210026C000C6877D /* Assets.xcassets in Resources */ = {isa = PBXBuildFile; fileRef = 8E40DB91210026C000C6877D /* Assets.xcassets */; };
		8E40DB95210026C000C6877D /* LaunchScreen.storyboard in Resources */ = {isa = PBXBuildFile; fileRef = 8E40DB93210026C000C6877D /* LaunchScreen.storyboard */; };
		8E40DBA0210026C100C6877D /* LoopbackSwiftCodeGenExampleTests.swift in Sources */ = {isa = PBXBuildFile; fileRef = 8E40DB9F210026C100C6877D /* LoopbackSwiftCodeGenExampleTests.swift */; };
		8E40DBAB210026C100C6877D /* LoopbackSwiftCodeGenExampleUITests.swift in Sources */ = {isa = PBXBuildFile; fileRef = 8E40DBAA210026C100C6877D /* LoopbackSwiftCodeGenExampleUITests.swift */; };
/* End PBXBuildFile section */

/* Begin PBXContainerItemProxy section */
		8E40DB9C210026C100C6877D /* PBXContainerItemProxy */ = {
			isa = PBXContainerItemProxy;
			containerPortal = 8E40DB7C210026BE00C6877D /* Project object */;
			proxyType = 1;
			remoteGlobalIDString = 8E40DB83210026BE00C6877D;
			remoteInfo = LoopbackSwiftCodeGenExample;
		};
		8E40DBA7210026C100C6877D /* PBXContainerItemProxy */ = {
			isa = PBXContainerItemProxy;
			containerPortal = 8E40DB7C210026BE00C6877D /* Project object */;
			proxyType = 1;
			remoteGlobalIDString = 8E40DB83210026BE00C6877D;
			remoteInfo = LoopbackSwiftCodeGenExample;
		};
/* End PBXContainerItemProxy section */

/* Begin PBXFileReference section */
		8E40DB84210026BE00C6877D /* LoopbackSwiftCodeGenExample.app */ = {isa = PBXFileReference; explicitFileType = wrapper.application; includeInIndex = 0; path = LoopbackSwiftCodeGenExample.app; sourceTree = BUILT_PRODUCTS_DIR; };
		8E40DB87210026BE00C6877D /* AppDelegate.swift */ = {isa = PBXFileReference; lastKnownFileType = sourcecode.swift; path = AppDelegate.swift; sourceTree = "<group>"; };
		8E40DB89210026BE00C6877D /* ViewController.swift */ = {isa = PBXFileReference; lastKnownFileType = sourcecode.swift; path = ViewController.swift; sourceTree = "<group>"; };
		8E40DB8C210026BE00C6877D /* Base */ = {isa = PBXFileReference; lastKnownFileType = file.storyboard; name = Base; path = Base.lproj/Main.storyboard; sourceTree = "<group>"; };
		8E40DB8F210026BE00C6877D /* LoopbackSwiftCodeGenExample.xcdatamodel */ = {isa = PBXFileReference; lastKnownFileType = wrapper.xcdatamodel; path = LoopbackSwiftCodeGenExample.xcdatamodel; sourceTree = "<group>"; };
		8E40DB91210026C000C6877D /* Assets.xcassets */ = {isa = PBXFileReference; lastKnownFileType = folder.assetcatalog; path = Assets.xcassets; sourceTree = "<group>"; };
		8E40DB94210026C000C6877D /* Base */ = {isa = PBXFileReference; lastKnownFileType = file.storyboard; name = Base; path = Base.lproj/LaunchScreen.storyboard; sourceTree = "<group>"; };
		8E40DB96210026C000C6877D /* Info.plist */ = {isa = PBXFileReference; lastKnownFileType = text.plist.xml; path = Info.plist; sourceTree = "<group>"; };
		8E40DB9B210026C100C6877D /* LoopbackSwiftCodeGenExampleTests.xctest */ = {isa = PBXFileReference; explicitFileType = wrapper.cfbundle; includeInIndex = 0; path = LoopbackSwiftCodeGenExampleTests.xctest; sourceTree = BUILT_PRODUCTS_DIR; };
		8E40DB9F210026C100C6877D /* LoopbackSwiftCodeGenExampleTests.swift */ = {isa = PBXFileReference; lastKnownFileType = sourcecode.swift; path = LoopbackSwiftCodeGenExampleTests.swift; sourceTree = "<group>"; };
		8E40DBA1210026C100C6877D /* Info.plist */ = {isa = PBXFileReference; lastKnownFileType = text.plist.xml; path = Info.plist; sourceTree = "<group>"; };
		8E40DBA6210026C100C6877D /* LoopbackSwiftCodeGenExampleUITests.xctest */ = {isa = PBXFileReference; explicitFileType = wrapper.cfbundle; includeInIndex = 0; path = LoopbackSwiftCodeGenExampleUITests.xctest; sourceTree = BUILT_PRODUCTS_DIR; };
		8E40DBAA210026C100C6877D /* LoopbackSwiftCodeGenExampleUITests.swift */ = {isa = PBXFileReference; lastKnownFileType = sourcecode.swift; path = LoopbackSwiftCodeGenExampleUITests.swift; sourceTree = "<group>"; };
		8E40DBAC210026C100C6877D /* Info.plist */ = {isa = PBXFileReference; lastKnownFileType = text.plist.xml; path = Info.plist; sourceTree = "<group>"; };
/* End PBXFileReference section */

/* Begin PBXFrameworksBuildPhase section */
		8E40DB81210026BE00C6877D /* Frameworks */ = {
			isa = PBXFrameworksBuildPhase;
			buildActionMask = 2147483647;
			files = (
			);
			runOnlyForDeploymentPostprocessing = 0;
		};
		8E40DB98210026C100C6877D /* Frameworks */ = {
			isa = PBXFrameworksBuildPhase;
			buildActionMask = 2147483647;
			files = (
			);
			runOnlyForDeploymentPostprocessing = 0;
		};
		8E40DBA3210026C100C6877D /* Frameworks */ = {
			isa = PBXFrameworksBuildPhase;
			buildActionMask = 2147483647;
			files = (
			);
			runOnlyForDeploymentPostprocessing = 0;
		};
/* End PBXFrameworksBuildPhase section */

/* Begin PBXGroup section */
		8E40DB7B210026BE00C6877D = {
			isa = PBXGroup;
			children = (
				8E40DB86210026BE00C6877D /* LoopbackSwiftCodeGenExample */,
				8E40DB9E210026C100C6877D /* LoopbackSwiftCodeGenExampleTests */,
				8E40DBA9210026C100C6877D /* LoopbackSwiftCodeGenExampleUITests */,
				8E40DB85210026BE00C6877D /* Products */,
			);
			sourceTree = "<group>";
		};
		8E40DB85210026BE00C6877D /* Products */ = {
			isa = PBXGroup;
			children = (
				8E40DB84210026BE00C6877D /* LoopbackSwiftCodeGenExample.app */,
				8E40DB9B210026C100C6877D /* LoopbackSwiftCodeGenExampleTests.xctest */,
				8E40DBA6210026C100C6877D /* LoopbackSwiftCodeGenExampleUITests.xctest */,
			);
			name = Products;
			sourceTree = "<group>";
		};
		8E40DB86210026BE00C6877D /* LoopbackSwiftCodeGenExample */ = {
			isa = PBXGroup;
			children = (
				8E40DB87210026BE00C6877D /* AppDelegate.swift */,
				8E40DB89210026BE00C6877D /* ViewController.swift */,
				8E40DB8B210026BE00C6877D /* Main.storyboard */,
				8E40DB91210026C000C6877D /* Assets.xcassets */,
				8E40DB93210026C000C6877D /* LaunchScreen.storyboard */,
				8E40DB96210026C000C6877D /* Info.plist */,
				8E40DB8E210026BE00C6877D /* LoopbackSwiftCodeGenExample.xcdatamodeld */,
			);
			path = LoopbackSwiftCodeGenExample;
			sourceTree = "<group>";
		};
		8E40DB9E210026C100C6877D /* LoopbackSwiftCodeGenExampleTests */ = {
			isa = PBXGroup;
			children = (
				8E40DB9F210026C100C6877D /* LoopbackSwiftCodeGenExampleTests.swift */,
				8E40DBA1210026C100C6877D /* Info.plist */,
			);
			path = LoopbackSwiftCodeGenExampleTests;
			sourceTree = "<group>";
		};
		8E40DBA9210026C100C6877D /* LoopbackSwiftCodeGenExampleUITests */ = {
			isa = PBXGroup;
			children = (
				8E40DBAA210026C100C6877D /* LoopbackSwiftCodeGenExampleUITests.swift */,
				8E40DBAC210026C100C6877D /* Info.plist */,
			);
			path = LoopbackSwiftCodeGenExampleUITests;
			sourceTree = "<group>";
		};
/* End PBXGroup section */

/* Begin PBXNativeTarget section */
		8E40DB83210026BE00C6877D /* LoopbackSwiftCodeGenExample */ = {
			isa = PBXNativeTarget;
			buildConfigurationList = 8E40DBAF210026C100C6877D /* Build configuration list for PBXNativeTarget "LoopbackSwiftCodeGenExample" */;
			buildPhases = (
				8E40DB80210026BE00C6877D /* Sources */,
				8E40DB81210026BE00C6877D /* Frameworks */,
				8E40DB82210026BE00C6877D /* Resources */,
			);
			buildRules = (
			);
			dependencies = (
			);
			name = LoopbackSwiftCodeGenExample;
			productName = LoopbackSwiftCodeGenExample;
			productReference = 8E40DB84210026BE00C6877D /* LoopbackSwiftCodeGenExample.app */;
			productType = "com.apple.product-type.application";
		};
		8E40DB9A210026C100C6877D /* LoopbackSwiftCodeGenExampleTests */ = {
			isa = PBXNativeTarget;
			buildConfigurationList = 8E40DBB2210026C100C6877D /* Build configuration list for PBXNativeTarget "LoopbackSwiftCodeGenExampleTests" */;
			buildPhases = (
				8E40DB97210026C100C6877D /* Sources */,
				8E40DB98210026C100C6877D /* Frameworks */,
				8E40DB99210026C100C6877D /* Resources */,
			);
			buildRules = (
			);
			dependencies = (
				8E40DB9D210026C100C6877D /* PBXTargetDependency */,
			);
			name = LoopbackSwiftCodeGenExampleTests;
			productName = LoopbackSwiftCodeGenExampleTests;
			productReference = 8E40DB9B210026C100C6877D /* LoopbackSwiftCodeGenExampleTests.xctest */;
			productType = "com.apple.product-type.bundle.unit-test";
		};
		8E40DBA5210026C100C6877D /* LoopbackSwiftCodeGenExampleUITests */ = {
			isa = PBXNativeTarget;
			buildConfigurationList = 8E40DBB5210026C100C6877D /* Build configuration list for PBXNativeTarget "LoopbackSwiftCodeGenExampleUITests" */;
			buildPhases = (
				8E40DBA2210026C100C6877D /* Sources */,
				8E40DBA3210026C100C6877D /* Frameworks */,
				8E40DBA4210026C100C6877D /* Resources */,
			);
			buildRules = (
			);
			dependencies = (
				8E40DBA8210026C100C6877D /* PBXTargetDependency */,
			);
			name = LoopbackSwiftCodeGenExampleUITests;
			productName = LoopbackSwiftCodeGenExampleUITests;
			productReference = 8E40DBA6210026C100C6877D /* LoopbackSwiftCodeGenExampleUITests.xctest */;
			productType = "com.apple.product-type.bundle.ui-testing";
		};
/* End PBXNativeTarget section */

/* Begin PBXProject section */
		8E40DB7C210026BE00C6877D /* Project object */ = {
			isa = PBXProject;
			attributes = {
				LastSwiftUpdateCheck = 0940;
				LastUpgradeCheck = 0940;
				ORGANIZATIONNAME = "Arrive Technologies";
				TargetAttributes = {
					8E40DB83210026BE00C6877D = {
						CreatedOnToolsVersion = 9.4.1;
					};
					8E40DB9A210026C100C6877D = {
						CreatedOnToolsVersion = 9.4.1;
						TestTargetID = 8E40DB83210026BE00C6877D;
					};
					8E40DBA5210026C100C6877D = {
						CreatedOnToolsVersion = 9.4.1;
						TestTargetID = 8E40DB83210026BE00C6877D;
					};
				};
			};
			buildConfigurationList = 8E40DB7F210026BE00C6877D /* Build configuration list for PBXProject "LoopbackSwiftCodeGenExample" */;
			compatibilityVersion = "Xcode 9.3";
			developmentRegion = en;
			hasScannedForEncodings = 0;
			knownRegions = (
				en,
				Base,
			);
			mainGroup = 8E40DB7B210026BE00C6877D;
			productRefGroup = 8E40DB85210026BE00C6877D /* Products */;
			projectDirPath = "";
			projectRoot = "";
			targets = (
				8E40DB83210026BE00C6877D /* LoopbackSwiftCodeGenExample */,
				8E40DB9A210026C100C6877D /* LoopbackSwiftCodeGenExampleTests */,
				8E40DBA5210026C100C6877D /* LoopbackSwiftCodeGenExampleUITests */,
			);
		};
/* End PBXProject section */

/* Begin PBXResourcesBuildPhase section */
		8E40DB82210026BE00C6877D /* Resources */ = {
			isa = PBXResourcesBuildPhase;
			buildActionMask = 2147483647;
			files = (
				8E40DB95210026C000C6877D /* LaunchScreen.storyboard in Resources */,
				8E40DB92210026C000C6877D /* Assets.xcassets in Resources */,
				8E40DB8D210026BE00C6877D /* Main.storyboard in Resources */,
			);
			runOnlyForDeploymentPostprocessing = 0;
		};
		8E40DB99210026C100C6877D /* Resources */ = {
			isa = PBXResourcesBuildPhase;
			buildActionMask = 2147483647;
			files = (
			);
			runOnlyForDeploymentPostprocessing = 0;
		};
		8E40DBA4210026C100C6877D /* Resources */ = {
			isa = PBXResourcesBuildPhase;
			buildActionMask = 2147483647;
			files = (
			);
			runOnlyForDeploymentPostprocessing = 0;
		};
/* End PBXResourcesBuildPhase section */

/* Begin PBXSourcesBuildPhase section */
		8E40DB80210026BE00C6877D /* Sources */ = {
			isa = PBXSourcesBuildPhase;
			buildActionMask = 2147483647;
			files = (
				8E40DB8A210026BE00C6877D /* ViewController.swift in Sources */,
				8E40DB88210026BE00C6877D /* AppDelegate.swift in Sources */,
				8E40DB90210026BE00C6877D /* LoopbackSwiftCodeGenExample.xcdatamodeld in Sources */,
			);
			runOnlyForDeploymentPostprocessing = 0;
		};
		8E40DB97210026C100C6877D /* Sources */ = {
			isa = PBXSourcesBuildPhase;
			buildActionMask = 2147483647;
			files = (
				8E40DBA0210026C100C6877D /* LoopbackSwiftCodeGenExampleTests.swift in Sources */,
			);
			runOnlyForDeploymentPostprocessing = 0;
		};
		8E40DBA2210026C100C6877D /* Sources */ = {
			isa = PBXSourcesBuildPhase;
			buildActionMask = 2147483647;
			files = (
				8E40DBAB210026C100C6877D /* LoopbackSwiftCodeGenExampleUITests.swift in Sources */,
			);
			runOnlyForDeploymentPostprocessing = 0;
		};
/* End PBXSourcesBuildPhase section */

/* Begin PBXTargetDependency section */
		8E40DB9D210026C100C6877D /* PBXTargetDependency */ = {
			isa = PBXTargetDependency;
			target = 8E40DB83210026BE00C6877D /* LoopbackSwiftCodeGenExample */;
			targetProxy = 8E40DB9C210026C100C6877D /* PBXContainerItemProxy */;
		};
		8E40DBA8210026C100C6877D /* PBXTargetDependency */ = {
			isa = PBXTargetDependency;
			target = 8E40DB83210026BE00C6877D /* LoopbackSwiftCodeGenExample */;
			targetProxy = 8E40DBA7210026C100C6877D /* PBXContainerItemProxy */;
		};
/* End PBXTargetDependency section */

/* Begin PBXVariantGroup section */
		8E40DB8B210026BE00C6877D /* Main.storyboard */ = {
			isa = PBXVariantGroup;
			children = (
				8E40DB8C210026BE00C6877D /* Base */,
			);
			name = Main.storyboard;
			sourceTree = "<group>";
		};
		8E40DB93210026C000C6877D /* LaunchScreen.storyboard */ = {
			isa = PBXVariantGroup;
			children = (
				8E40DB94210026C000C6877D /* Base */,
			);
			name = LaunchScreen.storyboard;
			sourceTree = "<group>";
		};
/* End PBXVariantGroup section */

/* Begin XCBuildConfiguration section */
		8E40DBAD210026C100C6877D /* Debug */ = {
			isa = XCBuildConfiguration;
			buildSettings = {
				ALWAYS_SEARCH_USER_PATHS = NO;
				CLANG_ANALYZER_NONNULL = YES;
				CLANG_ANALYZER_NUMBER_OBJECT_CONVERSION = YES_AGGRESSIVE;
				CLANG_CXX_LANGUAGE_STANDARD = "gnu++14";
				CLANG_CXX_LIBRARY = "libc++";
				CLANG_ENABLE_MODULES = YES;
				CLANG_ENABLE_OBJC_ARC = YES;
				CLANG_ENABLE_OBJC_WEAK = YES;
				CLANG_WARN_BLOCK_CAPTURE_AUTORELEASING = YES;
				CLANG_WARN_BOOL_CONVERSION = YES;
				CLANG_WARN_COMMA = YES;
				CLANG_WARN_CONSTANT_CONVERSION = YES;
				CLANG_WARN_DEPRECATED_OBJC_IMPLEMENTATIONS = YES;
				CLANG_WARN_DIRECT_OBJC_ISA_USAGE = YES_ERROR;
				CLANG_WARN_DOCUMENTATION_COMMENTS = YES;
				CLANG_WARN_EMPTY_BODY = YES;
				CLANG_WARN_ENUM_CONVERSION = YES;
				CLANG_WARN_INFINITE_RECURSION = YES;
				CLANG_WARN_INT_CONVERSION = YES;
				CLANG_WARN_NON_LITERAL_NULL_CONVERSION = YES;
				CLANG_WARN_OBJC_IMPLICIT_RETAIN_SELF = YES;
				CLANG_WARN_OBJC_LITERAL_CONVERSION = YES;
				CLANG_WARN_OBJC_ROOT_CLASS = YES_ERROR;
				CLANG_WARN_RANGE_LOOP_ANALYSIS = YES;
				CLANG_WARN_STRICT_PROTOTYPES = YES;
				CLANG_WARN_SUSPICIOUS_MOVE = YES;
				CLANG_WARN_UNGUARDED_AVAILABILITY = YES_AGGRESSIVE;
				CLANG_WARN_UNREACHABLE_CODE = YES;
				CLANG_WARN__DUPLICATE_METHOD_MATCH = YES;
				CODE_SIGN_IDENTITY = "iPhone Developer";
				COPY_PHASE_STRIP = NO;
				DEBUG_INFORMATION_FORMAT = dwarf;
				ENABLE_STRICT_OBJC_MSGSEND = YES;
				ENABLE_TESTABILITY = YES;
				GCC_C_LANGUAGE_STANDARD = gnu11;
				GCC_DYNAMIC_NO_PIC = NO;
				GCC_NO_COMMON_BLOCKS = YES;
				GCC_OPTIMIZATION_LEVEL = 0;
				GCC_PREPROCESSOR_DEFINITIONS = (
					"DEBUG=1",
					"$(inherited)",
				);
				GCC_WARN_64_TO_32_BIT_CONVERSION = YES;
				GCC_WARN_ABOUT_RETURN_TYPE = YES_ERROR;
				GCC_WARN_UNDECLARED_SELECTOR = YES;
				GCC_WARN_UNINITIALIZED_AUTOS = YES_AGGRESSIVE;
				GCC_WARN_UNUSED_FUNCTION = YES;
				GCC_WARN_UNUSED_VARIABLE = YES;
				IPHONEOS_DEPLOYMENT_TARGET = 11.4;
				MTL_ENABLE_DEBUG_INFO = YES;
				ONLY_ACTIVE_ARCH = YES;
				SDKROOT = iphoneos;
				SWIFT_ACTIVE_COMPILATION_CONDITIONS = DEBUG;
				SWIFT_OPTIMIZATION_LEVEL = "-Onone";
			};
			name = Debug;
		};
		8E40DBAE210026C100C6877D /* Release */ = {
			isa = XCBuildConfiguration;
			buildSettings = {
				ALWAYS_SEARCH_USER_PATHS = NO;
				CLANG_ANALYZER_NONNULL = YES;
				CLANG_ANALYZER_NUMBER_OBJECT_CONVERSION = YES_AGGRESSIVE;
				CLANG_CXX_LANGUAGE_STANDARD = "gnu++14";
				CLANG_CXX_LIBRARY = "libc++";
				CLANG_ENABLE_MODULES = YES;
				CLANG_ENABLE_OBJC_ARC = YES;
				CLANG_ENABLE_OBJC_WEAK = YES;
				CLANG_WARN_BLOCK_CAPTURE_AUTORELEASING = YES;
				CLANG_WARN_BOOL_CONVERSION = YES;
				CLANG_WARN_COMMA = YES;
				CLANG_WARN_CONSTANT_CONVERSION = YES;
				CLANG_WARN_DEPRECATED_OBJC_IMPLEMENTATIONS = YES;
				CLANG_WARN_DIRECT_OBJC_ISA_USAGE = YES_ERROR;
				CLANG_WARN_DOCUMENTATION_COMMENTS = YES;
				CLANG_WARN_EMPTY_BODY = YES;
				CLANG_WARN_ENUM_CONVERSION = YES;
				CLANG_WARN_INFINITE_RECURSION = YES;
				CLANG_WARN_INT_CONVERSION = YES;
				CLANG_WARN_NON_LITERAL_NULL_CONVERSION = YES;
				CLANG_WARN_OBJC_IMPLICIT_RETAIN_SELF = YES;
				CLANG_WARN_OBJC_LITERAL_CONVERSION = YES;
				CLANG_WARN_OBJC_ROOT_CLASS = YES_ERROR;
				CLANG_WARN_RANGE_LOOP_ANALYSIS = YES;
				CLANG_WARN_STRICT_PROTOTYPES = YES;
				CLANG_WARN_SUSPICIOUS_MOVE = YES;
				CLANG_WARN_UNGUARDED_AVAILABILITY = YES_AGGRESSIVE;
				CLANG_WARN_UNREACHABLE_CODE = YES;
				CLANG_WARN__DUPLICATE_METHOD_MATCH = YES;
				CODE_SIGN_IDENTITY = "iPhone Developer";
				COPY_PHASE_STRIP = NO;
				DEBUG_INFORMATION_FORMAT = "dwarf-with-dsym";
				ENABLE_NS_ASSERTIONS = NO;
				ENABLE_STRICT_OBJC_MSGSEND = YES;
				GCC_C_LANGUAGE_STANDARD = gnu11;
				GCC_NO_COMMON_BLOCKS = YES;
				GCC_WARN_64_TO_32_BIT_CONVERSION = YES;
				GCC_WARN_ABOUT_RETURN_TYPE = YES_ERROR;
				GCC_WARN_UNDECLARED_SELECTOR = YES;
				GCC_WARN_UNINITIALIZED_AUTOS = YES_AGGRESSIVE;
				GCC_WARN_UNUSED_FUNCTION = YES;
				GCC_WARN_UNUSED_VARIABLE = YES;
				IPHONEOS_DEPLOYMENT_TARGET = 11.4;
				MTL_ENABLE_DEBUG_INFO = NO;
				SDKROOT = iphoneos;
				SWIFT_COMPILATION_MODE = wholemodule;
				SWIFT_OPTIMIZATION_LEVEL = "-O";
				VALIDATE_PRODUCT = YES;
			};
			name = Release;
		};
		8E40DBB0210026C100C6877D /* Debug */ = {
			isa = XCBuildConfiguration;
			buildSettings = {
				ASSETCATALOG_COMPILER_APPICON_NAME = AppIcon;
				CODE_SIGN_STYLE = Automatic;
				DEVELOPMENT_TEAM = 5YZRF76V5W;
				INFOPLIST_FILE = LoopbackSwiftCodeGenExample/Info.plist;
				LD_RUNPATH_SEARCH_PATHS = (
					"$(inherited)",
					"@executable_path/Frameworks",
				);
				PRODUCT_BUNDLE_IDENTIFIER = com.arrive.tagnsave.LoopbackSwiftCodeGenExample;
				PRODUCT_NAME = "$(TARGET_NAME)";
				SWIFT_VERSION = 4.0;
				TARGETED_DEVICE_FAMILY = "1,2";
			};
			name = Debug;
		};
		8E40DBB1210026C100C6877D /* Release */ = {
			isa = XCBuildConfiguration;
			buildSettings = {
				ASSETCATALOG_COMPILER_APPICON_NAME = AppIcon;
				CODE_SIGN_STYLE = Automatic;
				DEVELOPMENT_TEAM = 5YZRF76V5W;
				INFOPLIST_FILE = LoopbackSwiftCodeGenExample/Info.plist;
				LD_RUNPATH_SEARCH_PATHS = (
					"$(inherited)",
					"@executable_path/Frameworks",
				);
				PRODUCT_BUNDLE_IDENTIFIER = com.arrive.tagnsave.LoopbackSwiftCodeGenExample;
				PRODUCT_NAME = "$(TARGET_NAME)";
				SWIFT_VERSION = 4.0;
				TARGETED_DEVICE_FAMILY = "1,2";
			};
			name = Release;
		};
		8E40DBB3210026C100C6877D /* Debug */ = {
			isa = XCBuildConfiguration;
			buildSettings = {
				ALWAYS_EMBED_SWIFT_STANDARD_LIBRARIES = YES;
				BUNDLE_LOADER = "$(TEST_HOST)";
				CODE_SIGN_STYLE = Automatic;
				DEVELOPMENT_TEAM = 5YZRF76V5W;
				INFOPLIST_FILE = LoopbackSwiftCodeGenExampleTests/Info.plist;
				LD_RUNPATH_SEARCH_PATHS = (
					"$(inherited)",
					"@executable_path/Frameworks",
					"@loader_path/Frameworks",
				);
				PRODUCT_BUNDLE_IDENTIFIER = com.arrive.tagnsave.LoopbackSwiftCodeGenExampleTests;
				PRODUCT_NAME = "$(TARGET_NAME)";
				SWIFT_VERSION = 4.0;
				TARGETED_DEVICE_FAMILY = "1,2";
				TEST_HOST = "$(BUILT_PRODUCTS_DIR)/LoopbackSwiftCodeGenExample.app/LoopbackSwiftCodeGenExample";
			};
			name = Debug;
		};
		8E40DBB4210026C100C6877D /* Release */ = {
			isa = XCBuildConfiguration;
			buildSettings = {
				ALWAYS_EMBED_SWIFT_STANDARD_LIBRARIES = YES;
				BUNDLE_LOADER = "$(TEST_HOST)";
				CODE_SIGN_STYLE = Automatic;
				DEVELOPMENT_TEAM = 5YZRF76V5W;
				INFOPLIST_FILE = LoopbackSwiftCodeGenExampleTests/Info.plist;
				LD_RUNPATH_SEARCH_PATHS = (
					"$(inherited)",
					"@executable_path/Frameworks",
					"@loader_path/Frameworks",
				);
				PRODUCT_BUNDLE_IDENTIFIER = com.arrive.tagnsave.LoopbackSwiftCodeGenExampleTests;
				PRODUCT_NAME = "$(TARGET_NAME)";
				SWIFT_VERSION = 4.0;
				TARGETED_DEVICE_FAMILY = "1,2";
				TEST_HOST = "$(BUILT_PRODUCTS_DIR)/LoopbackSwiftCodeGenExample.app/LoopbackSwiftCodeGenExample";
			};
			name = Release;
		};
		8E40DBB6210026C100C6877D /* Debug */ = {
			isa = XCBuildConfiguration;
			buildSettings = {
				ALWAYS_EMBED_SWIFT_STANDARD_LIBRARIES = YES;
				CODE_SIGN_STYLE = Automatic;
				DEVELOPMENT_TEAM = 5YZRF76V5W;
				INFOPLIST_FILE = LoopbackSwiftCodeGenExampleUITests/Info.plist;
				LD_RUNPATH_SEARCH_PATHS = (
					"$(inherited)",
					"@executable_path/Frameworks",
					"@loader_path/Frameworks",
				);
				PRODUCT_BUNDLE_IDENTIFIER = com.arrive.tagnsave.LoopbackSwiftCodeGenExampleUITests;
				PRODUCT_NAME = "$(TARGET_NAME)";
				SWIFT_VERSION = 4.0;
				TARGETED_DEVICE_FAMILY = "1,2";
				TEST_TARGET_NAME = LoopbackSwiftCodeGenExample;
			};
			name = Debug;
		};
		8E40DBB7210026C100C6877D /* Release */ = {
			isa = XCBuildConfiguration;
			buildSettings = {
				ALWAYS_EMBED_SWIFT_STANDARD_LIBRARIES = YES;
				CODE_SIGN_STYLE = Automatic;
				DEVELOPMENT_TEAM = 5YZRF76V5W;
				INFOPLIST_FILE = LoopbackSwiftCodeGenExampleUITests/Info.plist;
				LD_RUNPATH_SEARCH_PATHS = (
					"$(inherited)",
					"@executable_path/Frameworks",
					"@loader_path/Frameworks",
				);
				PRODUCT_BUNDLE_IDENTIFIER = com.arrive.tagnsave.LoopbackSwiftCodeGenExampleUITests;
				PRODUCT_NAME = "$(TARGET_NAME)";
				SWIFT_VERSION = 4.0;
				TARGETED_DEVICE_FAMILY = "1,2";
				TEST_TARGET_NAME = LoopbackSwiftCodeGenExample;
			};
			name = Release;
		};
/* End XCBuildConfiguration section */

/* Begin XCConfigurationList section */
		8E40DB7F210026BE00C6877D /* Build configuration list for PBXProject "LoopbackSwiftCodeGenExample" */ = {
			isa = XCConfigurationList;
			buildConfigurations = (
				8E40DBAD210026C100C6877D /* Debug */,
				8E40DBAE210026C100C6877D /* Release */,
			);
			defaultConfigurationIsVisible = 0;
			defaultConfigurationName = Release;
		};
		8E40DBAF210026C100C6877D /* Build configuration list for PBXNativeTarget "LoopbackSwiftCodeGenExample" */ = {
			isa = XCConfigurationList;
			buildConfigurations = (
				8E40DBB0210026C100C6877D /* Debug */,
				8E40DBB1210026C100C6877D /* Release */,
			);
			defaultConfigurationIsVisible = 0;
			defaultConfigurationName = Release;
		};
		8E40DBB2210026C100C6877D /* Build configuration list for PBXNativeTarget "LoopbackSwiftCodeGenExampleTests" */ = {
			isa = XCConfigurationList;
			buildConfigurations = (
				8E40DBB3210026C100C6877D /* Debug */,
				8E40DBB4210026C100C6877D /* Release */,
			);
			defaultConfigurationIsVisible = 0;
			defaultConfigurationName = Release;
		};
		8E40DBB5210026C100C6877D /* Build configuration list for PBXNativeTarget "LoopbackSwiftCodeGenExampleUITests" */ = {
			isa = XCConfigurationList;
			buildConfigurations = (
				8E40DBB6210026C100C6877D /* Debug */,
				8E40DBB7210026C100C6877D /* Release */,
			);
			defaultConfigurationIsVisible = 0;
			defaultConfigurationName = Release;
		};
/* End XCConfigurationList section */

/* Begin XCVersionGroup section */
		8E40DB8E210026BE00C6877D /* LoopbackSwiftCodeGenExample.xcdatamodeld */ = {
			isa = XCVersionGroup;
			children = (
				8E40DB8F210026BE00C6877D /* LoopbackSwiftCodeGenExample.xcdatamodel */,
			);
			currentVersion = 8E40DB8F210026BE00C6877D /* LoopbackSwiftCodeGenExample.xcdatamodel */;
			path = LoopbackSwiftCodeGenExample.xcdatamodeld;
			sourceTree = "<group>";
			versionGroupType = wrapper.xcdatamodel;
		};
/* End XCVersionGroup section */
	};
	rootObject = 8E40DB7C210026BE00C6877D /* Project object */;
}
